
Microsoft Visual Studio Solution File, Format Version 12.00
# Visual Studio Version 17
VisualStudioVersion = 17.4.33122.133
MinimumVisualStudioVersion = 10.0.40219.1
Project("{FAE04EC0-301F-11D3-BF4B-00C04F79EFBC}") = "BuyIn10SecondsTest", "BuyIn10SecondsTest\BuyIn10SecondsTest.csproj", "{46B2E4AD-50FA-433E-ACFA-AB1FEF2C1086}"
EndProject
Global
	GlobalSection(SolutionConfigurationPlatforms) = preSolution
		Debug|Any CPU = Debug|Any CPU
		Release|Any CPU = Release|Any CPU
	EndGlobalSection
	GlobalSection(ProjectConfigurationPlatforms) = postSolution
		{46B2E4AD-50FA-433E-ACFA-AB1FEF2C1086}.Debug|Any CPU.ActiveCfg = Debug|Any CPU
		{46B2E4AD-50FA-433E-ACFA-AB1FEF2C1086}.Debug|Any CPU.Build.0 = Debug|Any CPU
		{46B2E4AD-50FA-433E-ACFA-AB1FEF2C1086}.Release|Any CPU.ActiveCfg = Release|Any CPU
		{46B2E4AD-50FA-433E-ACFA-AB1FEF2C1086}.Release|Any CPU.Build.0 = Release|Any CPU
	EndGlobalSection
	GlobalSection(SolutionProperties) = preSolution
		HideSolutionNode = FALSE
	EndGlobalSection
	GlobalSection(ExtensibilityGlobals) = postSolution
		SolutionGuid = {73BD1238-CEF8-4B06-8D0C-145C9927351A}
	EndGlobalSection
EndGlobal
